
Microsoft Visual Studio Solution File, Format Version 12.00
# Visual Studio Version 17
VisualStudioVersion = 17.3.32825.248
MinimumVisualStudioVersion = 10.0.40219.1
Project("{9A19103F-16F7-4668-BE54-9A1E7A4F7556}") = "Test", "Test\Test.csproj", "{5BED740A-BDF3-4DC5-BCE4-19AB04260915}"
EndProject
Project("{9A19103F-16F7-4668-BE54-9A1E7A4F7556}") = "OnChange.SG", "OnChangeSG\OnChange.SG.csproj", "{1146ECD2-1D1A-431B-921E-94CB6ADEA1AE}"
EndProject
Project("{FAE04EC0-301F-11D3-BF4B-00C04F79EFBC}") = "com.bbbirder.csreactive", "com.bbbirder.csreactive\com.bbbirder.csreactive.csproj", "{15735B00-C04F-46E3-B772-3DCFF8B6AE5F}"
EndProject
Global
	GlobalSection(SolutionConfigurationPlatforms) = preSolution
		Debug|Any CPU = Debug|Any CPU
		Release|Any CPU = Release|Any CPU
	EndGlobalSection
	GlobalSection(ProjectConfigurationPlatforms) = postSolution
		{5BED740A-BDF3-4DC5-BCE4-19AB04260915}.Debug|Any CPU.ActiveCfg = Debug|Any CPU
		{5BED740A-BDF3-4DC5-BCE4-19AB04260915}.Debug|Any CPU.Build.0 = Debug|Any CPU
		{5BED740A-BDF3-4DC5-BCE4-19AB04260915}.Release|Any CPU.ActiveCfg = Release|Any CPU
		{5BED740A-BDF3-4DC5-BCE4-19AB04260915}.Release|Any CPU.Build.0 = Release|Any CPU
		{1146ECD2-1D1A-431B-921E-94CB6ADEA1AE}.Debug|Any CPU.ActiveCfg = Debug|Any CPU
		{1146ECD2-1D1A-431B-921E-94CB6ADEA1AE}.Debug|Any CPU.Build.0 = Debug|Any CPU
		{1146ECD2-1D1A-431B-921E-94CB6ADEA1AE}.Release|Any CPU.ActiveCfg = Release|Any CPU
		{1146ECD2-1D1A-431B-921E-94CB6ADEA1AE}.Release|Any CPU.Build.0 = Release|Any CPU
		{15735B00-C04F-46E3-B772-3DCFF8B6AE5F}.Debug|Any CPU.ActiveCfg = Debug|Any CPU
		{15735B00-C04F-46E3-B772-3DCFF8B6AE5F}.Debug|Any CPU.Build.0 = Debug|Any CPU
		{15735B00-C04F-46E3-B772-3DCFF8B6AE5F}.Release|Any CPU.ActiveCfg = Release|Any CPU
		{15735B00-C04F-46E3-B772-3DCFF8B6AE5F}.Release|Any CPU.Build.0 = Release|Any CPU
	EndGlobalSection
	GlobalSection(SolutionProperties) = preSolution
		HideSolutionNode = FALSE
	EndGlobalSection
	GlobalSection(ExtensibilityGlobals) = postSolution
		SolutionGuid = {43BEBBF1-90E1-4E53-B61A-2125F74DBF44}
	EndGlobalSection
EndGlobal
